// !$*UTF8*$!
{
	archiveVersion = 1;
	classes = {
	};
	objectVersion = 55;
	objects = {

/* Begin PBXBuildFile section */
		2C3A26B22746E86000AD27FD /* ShrimpExtensions in Frameworks */ = {isa = PBXBuildFile; productRef = 2C3A26B12746E86000AD27FD /* ShrimpExtensions */; };
		2C3A26B52746E87000AD27FD /* ShrimpExtensions in Frameworks */ = {isa = PBXBuildFile; productRef = 2C3A26B42746E87000AD27FD /* ShrimpExtensions */; };
		2C3A26B72746EDE100AD27FD /* Constants.swift in Sources */ = {isa = PBXBuildFile; fileRef = 2C3A26B62746EDE100AD27FD /* Constants.swift */; };
		2C3A26B82746EDE100AD27FD /* Constants.swift in Sources */ = {isa = PBXBuildFile; fileRef = 2C3A26B62746EDE100AD27FD /* Constants.swift */; };
		2C3A26BB2746FBE200AD27FD /* SupportedWebHosts.swift in Sources */ = {isa = PBXBuildFile; fileRef = 2C3A26BA2746FBE200AD27FD /* SupportedWebHosts.swift */; };
		2C3A26BC2746FBE200AD27FD /* SupportedWebHosts.swift in Sources */ = {isa = PBXBuildFile; fileRef = 2C3A26BA2746FBE200AD27FD /* SupportedWebHosts.swift */; };
		2C3A26BF2746FF3100AD27FD /* SFSafariWindow+extensions.swift in Sources */ = {isa = PBXBuildFile; fileRef = 2C3A26BE2746FF3100AD27FD /* SFSafariWindow+extensions.swift */; };
		2C3A26D2274700BD00AD27FD /* Assets.xcassets in Resources */ = {isa = PBXBuildFile; fileRef = 60AB107A274591C600BC06F1 /* Assets.xcassets */; };
		2C3A26D3274700C300AD27FD /* Preview Assets.xcassets in Resources */ = {isa = PBXBuildFile; fileRef = 60AB107D274591C600BC06F1 /* Preview Assets.xcassets */; };
		2C3A26D5274700CA00AD27FD /* ShrimpExtensions in Frameworks */ = {isa = PBXBuildFile; productRef = 2C3A26D4274700CA00AD27FD /* ShrimpExtensions */; };
		2C3A26D6274700D400AD27FD /* Constants.swift in Sources */ = {isa = PBXBuildFile; fileRef = 2C3A26B62746EDE100AD27FD /* Constants.swift */; };
		2C3A26D7274700D400AD27FD /* ContentView.swift in Sources */ = {isa = PBXBuildFile; fileRef = 60AB1078274591BE00BC06F1 /* ContentView.swift */; };
		2C3A26D8274700D400AD27FD /* GitHubCodeApp.swift in Sources */ = {isa = PBXBuildFile; fileRef = 60AB1076274591BE00BC06F1 /* GitHubCodeApp.swift */; };
		2C3A26D9274700D900AD27FD /* SupportedWebHosts.swift in Sources */ = {isa = PBXBuildFile; fileRef = 2C3A26BA2746FBE200AD27FD /* SupportedWebHosts.swift */; };
		60AB1077274591BE00BC06F1 /* GitHubCodeApp.swift in Sources */ = {isa = PBXBuildFile; fileRef = 60AB1076274591BE00BC06F1 /* GitHubCodeApp.swift */; };
		60AB1079274591BE00BC06F1 /* ContentView.swift in Sources */ = {isa = PBXBuildFile; fileRef = 60AB1078274591BE00BC06F1 /* ContentView.swift */; };
		60AB107B274591C600BC06F1 /* Assets.xcassets in Resources */ = {isa = PBXBuildFile; fileRef = 60AB107A274591C600BC06F1 /* Assets.xcassets */; };
		60AB107E274591C600BC06F1 /* Preview Assets.xcassets in Resources */ = {isa = PBXBuildFile; fileRef = 60AB107D274591C600BC06F1 /* Preview Assets.xcassets */; };
		60AB108C274591E700BC06F1 /* SafariExtensionHandler.swift in Sources */ = {isa = PBXBuildFile; fileRef = 60AB108B274591E700BC06F1 /* SafariExtensionHandler.swift */; };
		60AB1091274591E700BC06F1 /* script.js in Resources */ = {isa = PBXBuildFile; fileRef = 60AB1090274591E700BC06F1 /* script.js */; };
		60AB1093274591E700BC06F1 /* ToolbarItemIcon.pdf in Resources */ = {isa = PBXBuildFile; fileRef = 60AB1092274591E700BC06F1 /* ToolbarItemIcon.pdf */; };
		60AB109B274591E700BC06F1 /* GitHubCode Safari.appex in Embed App Extensions */ = {isa = PBXBuildFile; fileRef = 60AB1089274591E700BC06F1 /* GitHubCode Safari.appex */; settings = {ATTRIBUTES = (RemoveHeadersOnCopy, ); }; };
/* End PBXBuildFile section */

/* Begin PBXContainerItemProxy section */
		60AB1099274591E700BC06F1 /* PBXContainerItemProxy */ = {
			isa = PBXContainerItemProxy;
			containerPortal = 60AB106B274591BE00BC06F1 /* Project object */;
			proxyType = 1;
			remoteGlobalIDString = 60AB1088274591E700BC06F1;
			remoteInfo = Safari;
		};
/* End PBXContainerItemProxy section */

/* Begin PBXCopyFilesBuildPhase section */
		60AB109F274591E700BC06F1 /* Embed App Extensions */ = {
			isa = PBXCopyFilesBuildPhase;
			buildActionMask = 2147483647;
			dstPath = "";
			dstSubfolderSpec = 13;
			files = (
				60AB109B274591E700BC06F1 /* GitHubCode Safari.appex in Embed App Extensions */,
			);
			name = "Embed App Extensions";
			runOnlyForDeploymentPostprocessing = 0;
		};
/* End PBXCopyFilesBuildPhase section */

/* Begin PBXFileReference section */
		2C3A26B62746EDE100AD27FD /* Constants.swift */ = {isa = PBXFileReference; lastKnownFileType = sourcecode.swift; path = Constants.swift; sourceTree = "<group>"; };
		2C3A26BA2746FBE200AD27FD /* SupportedWebHosts.swift */ = {isa = PBXFileReference; lastKnownFileType = sourcecode.swift; path = SupportedWebHosts.swift; sourceTree = "<group>"; };
		2C3A26BE2746FF3100AD27FD /* SFSafariWindow+extensions.swift */ = {isa = PBXFileReference; lastKnownFileType = sourcecode.swift; path = "SFSafariWindow+extensions.swift"; sourceTree = "<group>"; };
		2C3A26C42747004E00AD27FD /* GitHubCode.app */ = {isa = PBXFileReference; explicitFileType = wrapper.application; includeInIndex = 0; path = GitHubCode.app; sourceTree = BUILT_PRODUCTS_DIR; };
		2C3A26DA2747011C00AD27FD /* GitHubCode.entitlements */ = {isa = PBXFileReference; lastKnownFileType = text.plist.entitlements; path = GitHubCode.entitlements; sourceTree = "<group>"; };
		2CF8E8162746D67200420BFD /* yarn.lock */ = {isa = PBXFileReference; lastKnownFileType = text; path = yarn.lock; sourceTree = "<group>"; };
		6015D12E2746430700782DB9 /* Brewfile */ = {isa = PBXFileReference; lastKnownFileType = text; path = Brewfile; sourceTree = "<group>"; };
		6015D12F2746431300782DB9 /* README.md */ = {isa = PBXFileReference; lastKnownFileType = net.daringfireball.markdown; path = README.md; sourceTree = "<group>"; };
		6015D1302746431300782DB9 /* Brewfile.lock.json */ = {isa = PBXFileReference; lastKnownFileType = text.json; path = Brewfile.lock.json; sourceTree = "<group>"; };
		6015D1312746431300782DB9 /* LICENSE */ = {isa = PBXFileReference; lastKnownFileType = text; path = LICENSE; sourceTree = "<group>"; };
		6015D1322746438D00782DB9 /* package.json */ = {isa = PBXFileReference; lastKnownFileType = text.json; path = package.json; sourceTree = "<group>"; };
		6047BEF42746411F0083B111 /* pre_compile.sh */ = {isa = PBXFileReference; lastKnownFileType = text.script.sh; path = pre_compile.sh; sourceTree = "<group>"; };
		60AB1073274591BE00BC06F1 /* GitHubCode.app */ = {isa = PBXFileReference; explicitFileType = wrapper.application; includeInIndex = 0; path = GitHubCode.app; sourceTree = BUILT_PRODUCTS_DIR; };
		60AB1076274591BE00BC06F1 /* GitHubCodeApp.swift */ = {isa = PBXFileReference; lastKnownFileType = sourcecode.swift; path = GitHubCodeApp.swift; sourceTree = "<group>"; };
		60AB1078274591BE00BC06F1 /* ContentView.swift */ = {isa = PBXFileReference; lastKnownFileType = sourcecode.swift; path = ContentView.swift; sourceTree = "<group>"; };
		60AB107A274591C600BC06F1 /* Assets.xcassets */ = {isa = PBXFileReference; lastKnownFileType = folder.assetcatalog; path = Assets.xcassets; sourceTree = "<group>"; };
		60AB107D274591C600BC06F1 /* Preview Assets.xcassets */ = {isa = PBXFileReference; lastKnownFileType = folder.assetcatalog; path = "Preview Assets.xcassets"; sourceTree = "<group>"; };
		60AB107F274591C600BC06F1 /* GitHubCode.entitlements */ = {isa = PBXFileReference; lastKnownFileType = text.plist.entitlements; path = GitHubCode.entitlements; sourceTree = "<group>"; };
		60AB1089274591E700BC06F1 /* GitHubCode Safari.appex */ = {isa = PBXFileReference; explicitFileType = "wrapper.app-extension"; includeInIndex = 0; path = "GitHubCode Safari.appex"; sourceTree = BUILT_PRODUCTS_DIR; };
		60AB108B274591E700BC06F1 /* SafariExtensionHandler.swift */ = {isa = PBXFileReference; lastKnownFileType = sourcecode.swift; path = SafariExtensionHandler.swift; sourceTree = "<group>"; };
		60AB1090274591E700BC06F1 /* script.js */ = {isa = PBXFileReference; lastKnownFileType = sourcecode.javascript; path = script.js; sourceTree = "<group>"; };
		60AB1092274591E700BC06F1 /* ToolbarItemIcon.pdf */ = {isa = PBXFileReference; lastKnownFileType = image.pdf; path = ToolbarItemIcon.pdf; sourceTree = "<group>"; };
		60AB1097274591E700BC06F1 /* Info.plist */ = {isa = PBXFileReference; lastKnownFileType = text.plist.xml; path = Info.plist; sourceTree = "<group>"; };
		60AB1098274591E700BC06F1 /* Safari.entitlements */ = {isa = PBXFileReference; lastKnownFileType = text.plist.entitlements; path = Safari.entitlements; sourceTree = "<group>"; };
/* End PBXFileReference section */

/* Begin PBXFrameworksBuildPhase section */
		2C3A26C12747004E00AD27FD /* Frameworks */ = {
			isa = PBXFrameworksBuildPhase;
			buildActionMask = 2147483647;
			files = (
				2C3A26D5274700CA00AD27FD /* ShrimpExtensions in Frameworks */,
			);
			runOnlyForDeploymentPostprocessing = 0;
		};
		60AB1070274591BE00BC06F1 /* Frameworks */ = {
			isa = PBXFrameworksBuildPhase;
			buildActionMask = 2147483647;
			files = (
				2C3A26B22746E86000AD27FD /* ShrimpExtensions in Frameworks */,
			);
			runOnlyForDeploymentPostprocessing = 0;
		};
		60AB1086274591E700BC06F1 /* Frameworks */ = {
			isa = PBXFrameworksBuildPhase;
			buildActionMask = 2147483647;
			files = (
				2C3A26B52746E87000AD27FD /* ShrimpExtensions in Frameworks */,
			);
			runOnlyForDeploymentPostprocessing = 0;
		};
/* End PBXFrameworksBuildPhase section */

/* Begin PBXGroup section */
		2C05C8A2274702E5008A3FA6 /* iOS */ = {
			isa = PBXGroup;
			children = (
				2C3A26DA2747011C00AD27FD /* GitHubCode.entitlements */,
			);
			path = iOS;
			sourceTree = "<group>";
		};
		2C3A26B32746E87000AD27FD /* Frameworks */ = {
			isa = PBXGroup;
			children = (
			);
			name = Frameworks;
			sourceTree = "<group>";
		};
		2C3A26B92746FBCF00AD27FD /* Enumerations */ = {
			isa = PBXGroup;
			children = (
				2C3A26BA2746FBE200AD27FD /* SupportedWebHosts.swift */,
			);
			path = Enumerations;
			sourceTree = "<group>";
		};
		2C3A26BD2746FF1D00AD27FD /* Extensions */ = {
			isa = PBXGroup;
			children = (
				2C3A26BE2746FF3100AD27FD /* SFSafariWindow+extensions.swift */,
			);
			path = Extensions;
			sourceTree = "<group>";
		};
		6047BEE827463EF00083B111 /* Targets */ = {
			isa = PBXGroup;
			children = (
				2C05C8A2274702E5008A3FA6 /* iOS */,
				6047BEE927463F020083B111 /* macOS */,
				60AB108A274591E700BC06F1 /* Safari */,
			);
			path = Targets;
			sourceTree = "<group>";
		};
		6047BEE927463F020083B111 /* macOS */ = {
			isa = PBXGroup;
			children = (
				60AB107F274591C600BC06F1 /* GitHubCode.entitlements */,
			);
			path = macOS;
			sourceTree = "<group>";
		};
		6047BEEA27463F190083B111 /* macOS */ = {
			isa = PBXGroup;
			children = (
				60AB1098274591E700BC06F1 /* Safari.entitlements */,
				60AB1097274591E700BC06F1 /* Info.plist */,
			);
			path = macOS;
			sourceTree = "<group>";
		};
		6047BEF32746411F0083B111 /* Scripts */ = {
			isa = PBXGroup;
			children = (
				6047BEF42746411F0083B111 /* pre_compile.sh */,
			);
			path = Scripts;
			sourceTree = "<group>";
		};
		60AB106A274591BE00BC06F1 = {
			isa = PBXGroup;
			children = (
				6015D12E2746430700782DB9 /* Brewfile */,
				6015D1312746431300782DB9 /* LICENSE */,
				6015D1302746431300782DB9 /* Brewfile.lock.json */,
				6015D1322746438D00782DB9 /* package.json */,
				2CF8E8162746D67200420BFD /* yarn.lock */,
				6015D12F2746431300782DB9 /* README.md */,
				2C3A26B32746E87000AD27FD /* Frameworks */,
				60AB1074274591BE00BC06F1 /* Products */,
				6047BEF32746411F0083B111 /* Scripts */,
				60AB1075274591BE00BC06F1 /* Shared */,
				6047BEE827463EF00083B111 /* Targets */,
			);
			sourceTree = "<group>";
		};
		60AB1074274591BE00BC06F1 /* Products */ = {
			isa = PBXGroup;
			children = (
				60AB1073274591BE00BC06F1 /* GitHubCode.app */,
				60AB1089274591E700BC06F1 /* GitHubCode Safari.appex */,
				2C3A26C42747004E00AD27FD /* GitHubCode.app */,
			);
			name = Products;
			sourceTree = "<group>";
		};
		60AB1075274591BE00BC06F1 /* Shared */ = {
			isa = PBXGroup;
			children = (
				2C3A26B62746EDE100AD27FD /* Constants.swift */,
				60AB1078274591BE00BC06F1 /* ContentView.swift */,
				60AB1076274591BE00BC06F1 /* GitHubCodeApp.swift */,
				60AB107A274591C600BC06F1 /* Assets.xcassets */,
				2C3A26B92746FBCF00AD27FD /* Enumerations */,
				60AB107C274591C600BC06F1 /* Preview Content */,
			);
			path = Shared;
			sourceTree = "<group>";
		};
		60AB107C274591C600BC06F1 /* Preview Content */ = {
			isa = PBXGroup;
			children = (
				60AB107D274591C600BC06F1 /* Preview Assets.xcassets */,
			);
			path = "Preview Content";
			sourceTree = "<group>";
		};
		60AB108A274591E700BC06F1 /* Safari */ = {
			isa = PBXGroup;
			children = (
				60AB108B274591E700BC06F1 /* SafariExtensionHandler.swift */,
				2C3A26BD2746FF1D00AD27FD /* Extensions */,
				6047BEEA27463F190083B111 /* macOS */,
				60AB108F274591E700BC06F1 /* Resources */,
			);
			path = Safari;
			sourceTree = "<group>";
		};
		60AB108F274591E700BC06F1 /* Resources */ = {
			isa = PBXGroup;
			children = (
				60AB1090274591E700BC06F1 /* script.js */,
				60AB1092274591E700BC06F1 /* ToolbarItemIcon.pdf */,
			);
			path = Resources;
			sourceTree = "<group>";
		};
/* End PBXGroup section */

/* Begin PBXNativeTarget section */
		2C3A26C32747004E00AD27FD /* GitHubCode (iOS) */ = {
			isa = PBXNativeTarget;
			buildConfigurationList = 2C3A26CF2747005500AD27FD /* Build configuration list for PBXNativeTarget "GitHubCode (iOS)" */;
			buildPhases = (
				2C3A26C02747004E00AD27FD /* Sources */,
				2C3A26C12747004E00AD27FD /* Frameworks */,
				2C3A26C22747004E00AD27FD /* Resources */,
			);
			buildRules = (
			);
			dependencies = (
			);
			name = "GitHubCode (iOS)";
			packageProductDependencies = (
				2C3A26D4274700CA00AD27FD /* ShrimpExtensions */,
			);
			productName = GitHubCode;
			productReference = 2C3A26C42747004E00AD27FD /* GitHubCode.app */;
			productType = "com.apple.product-type.application";
		};
		60AB1072274591BE00BC06F1 /* GitHubCode (macOS) */ = {
			isa = PBXNativeTarget;
			buildConfigurationList = 60AB1082274591C600BC06F1 /* Build configuration list for PBXNativeTarget "GitHubCode (macOS)" */;
			buildPhases = (
				6047BEF52746412A0083B111 /* ShellScript */,
				60AB106F274591BE00BC06F1 /* Sources */,
				60AB1070274591BE00BC06F1 /* Frameworks */,
				60AB1071274591BE00BC06F1 /* Resources */,
				60AB109F274591E700BC06F1 /* Embed App Extensions */,
			);
			buildRules = (
			);
			dependencies = (
				60AB109A274591E700BC06F1 /* PBXTargetDependency */,
			);
			name = "GitHubCode (macOS)";
			packageProductDependencies = (
				2C3A26B12746E86000AD27FD /* ShrimpExtensions */,
			);
			productName = GitHubCode;
			productReference = 60AB1073274591BE00BC06F1 /* GitHubCode.app */;
			productType = "com.apple.product-type.application";
		};
		60AB1088274591E700BC06F1 /* GitHubCode Safari (macOS) */ = {
			isa = PBXNativeTarget;
			buildConfigurationList = 60AB109C274591E700BC06F1 /* Build configuration list for PBXNativeTarget "GitHubCode Safari (macOS)" */;
			buildPhases = (
				60AB1085274591E700BC06F1 /* Sources */,
				60AB1086274591E700BC06F1 /* Frameworks */,
				60AB1087274591E700BC06F1 /* Resources */,
			);
			buildRules = (
			);
			dependencies = (
			);
			name = "GitHubCode Safari (macOS)";
			packageProductDependencies = (
				2C3A26B42746E87000AD27FD /* ShrimpExtensions */,
			);
			productName = Safari;
			productReference = 60AB1089274591E700BC06F1 /* GitHubCode Safari.appex */;
			productType = "com.apple.product-type.app-extension";
		};
/* End PBXNativeTarget section */

/* Begin PBXProject section */
		60AB106B274591BE00BC06F1 /* Project object */ = {
			isa = PBXProject;
			attributes = {
				BuildIndependentTargetsInParallel = 1;
				LastSwiftUpdateCheck = 1310;
				LastUpgradeCheck = 1310;
				TargetAttributes = {
					2C3A26C32747004E00AD27FD = {
						CreatedOnToolsVersion = 13.1;
					};
					60AB1072274591BE00BC06F1 = {
						CreatedOnToolsVersion = 13.1;
					};
					60AB1088274591E700BC06F1 = {
						CreatedOnToolsVersion = 13.1;
					};
				};
			};
			buildConfigurationList = 60AB106E274591BE00BC06F1 /* Build configuration list for PBXProject "GitHubCode" */;
			compatibilityVersion = "Xcode 13.0";
			developmentRegion = en;
			hasScannedForEncodings = 0;
			knownRegions = (
				en,
				Base,
			);
			mainGroup = 60AB106A274591BE00BC06F1;
			packageReferences = (
				2C3A26B02746E86000AD27FD /* XCRemoteSwiftPackageReference "ShrimpExtensions" */,
			);
			productRefGroup = 60AB1074274591BE00BC06F1 /* Products */;
			projectDirPath = "";
			projectRoot = "";
			targets = (
				60AB1072274591BE00BC06F1 /* GitHubCode (macOS) */,
				60AB1088274591E700BC06F1 /* GitHubCode Safari (macOS) */,
				2C3A26C32747004E00AD27FD /* GitHubCode (iOS) */,
			);
		};
/* End PBXProject section */

/* Begin PBXResourcesBuildPhase section */
		2C3A26C22747004E00AD27FD /* Resources */ = {
			isa = PBXResourcesBuildPhase;
			buildActionMask = 2147483647;
			files = (
				2C3A26D3274700C300AD27FD /* Preview Assets.xcassets in Resources */,
				2C3A26D2274700BD00AD27FD /* Assets.xcassets in Resources */,
			);
			runOnlyForDeploymentPostprocessing = 0;
		};
		60AB1071274591BE00BC06F1 /* Resources */ = {
			isa = PBXResourcesBuildPhase;
			buildActionMask = 2147483647;
			files = (
				60AB107E274591C600BC06F1 /* Preview Assets.xcassets in Resources */,
				60AB107B274591C600BC06F1 /* Assets.xcassets in Resources */,
			);
			runOnlyForDeploymentPostprocessing = 0;
		};
		60AB1087274591E700BC06F1 /* Resources */ = {
			isa = PBXResourcesBuildPhase;
			buildActionMask = 2147483647;
			files = (
				60AB1093274591E700BC06F1 /* ToolbarItemIcon.pdf in Resources */,
				60AB1091274591E700BC06F1 /* script.js in Resources */,
			);
			runOnlyForDeploymentPostprocessing = 0;
		};
/* End PBXResourcesBuildPhase section */

/* Begin PBXShellScriptBuildPhase section */
		6047BEF52746412A0083B111 /* ShellScript */ = {
			isa = PBXShellScriptBuildPhase;
			buildActionMask = 2147483647;
			files = (
			);
			inputFileListPaths = (
			);
			inputPaths = (
			);
			outputFileListPaths = (
			);
			outputPaths = (
			);
			runOnlyForDeploymentPostprocessing = 0;
			shellPath = /bin/sh;
			shellScript = "\nsh Scripts/pre_compile.sh\n";
		};
/* End PBXShellScriptBuildPhase section */

/* Begin PBXSourcesBuildPhase section */
		2C3A26C02747004E00AD27FD /* Sources */ = {
			isa = PBXSourcesBuildPhase;
			buildActionMask = 2147483647;
			files = (
				2C3A26D9274700D900AD27FD /* SupportedWebHosts.swift in Sources */,
				2C3A26D6274700D400AD27FD /* Constants.swift in Sources */,
				2C3A26D7274700D400AD27FD /* ContentView.swift in Sources */,
				2C3A26D8274700D400AD27FD /* GitHubCodeApp.swift in Sources */,
			);
			runOnlyForDeploymentPostprocessing = 0;
		};
		60AB106F274591BE00BC06F1 /* Sources */ = {
			isa = PBXSourcesBuildPhase;
			buildActionMask = 2147483647;
			files = (
				60AB1079274591BE00BC06F1 /* ContentView.swift in Sources */,
				60AB1077274591BE00BC06F1 /* GitHubCodeApp.swift in Sources */,
				2C3A26B72746EDE100AD27FD /* Constants.swift in Sources */,
				2C3A26BB2746FBE200AD27FD /* SupportedWebHosts.swift in Sources */,
			);
			runOnlyForDeploymentPostprocessing = 0;
		};
		60AB1085274591E700BC06F1 /* Sources */ = {
			isa = PBXSourcesBuildPhase;
			buildActionMask = 2147483647;
			files = (
				2C3A26BF2746FF3100AD27FD /* SFSafariWindow+extensions.swift in Sources */,
				60AB108C274591E700BC06F1 /* SafariExtensionHandler.swift in Sources */,
				2C3A26B82746EDE100AD27FD /* Constants.swift in Sources */,
				2C3A26BC2746FBE200AD27FD /* SupportedWebHosts.swift in Sources */,
			);
			runOnlyForDeploymentPostprocessing = 0;
		};
/* End PBXSourcesBuildPhase section */

/* Begin PBXTargetDependency section */
		60AB109A274591E700BC06F1 /* PBXTargetDependency */ = {
			isa = PBXTargetDependency;
			target = 60AB1088274591E700BC06F1 /* GitHubCode Safari (macOS) */;
			targetProxy = 60AB1099274591E700BC06F1 /* PBXContainerItemProxy */;
		};
/* End PBXTargetDependency section */

/* Begin XCBuildConfiguration section */
		2C3A26D02747005500AD27FD /* Debug */ = {
			isa = XCBuildConfiguration;
			buildSettings = {
				ASSETCATALOG_COMPILER_APPICON_NAME = AppIcon;
				ASSETCATALOG_COMPILER_GLOBAL_ACCENT_COLOR_NAME = AccentColor;
				CODE_SIGN_ENTITLEMENTS = Targets/iOS/GitHubCode.entitlements;
				CODE_SIGN_STYLE = Automatic;
				CURRENT_PROJECT_VERSION = 1;
				DEVELOPMENT_ASSET_PATHS = "\"Shared/Preview Content\"";
				DEVELOPMENT_TEAM = DXUKH9VF73;
				ENABLE_PREVIEWS = YES;
				GENERATE_INFOPLIST_FILE = YES;
				INFOPLIST_KEY_UIApplicationSceneManifest_Generation = YES;
				INFOPLIST_KEY_UIApplicationSupportsIndirectInputEvents = YES;
				INFOPLIST_KEY_UILaunchScreen_Generation = YES;
				INFOPLIST_KEY_UISupportedInterfaceOrientations_iPad = "UIInterfaceOrientationPortrait UIInterfaceOrientationPortraitUpsideDown UIInterfaceOrientationLandscapeLeft UIInterfaceOrientationLandscapeRight";
				INFOPLIST_KEY_UISupportedInterfaceOrientations_iPhone = "UIInterfaceOrientationPortrait UIInterfaceOrientationLandscapeLeft UIInterfaceOrientationLandscapeRight";
				IPHONEOS_DEPLOYMENT_TARGET = 15.0;
				LD_RUNPATH_SEARCH_PATHS = (
					"$(inherited)",
					"@executable_path/Frameworks",
				);
				MARKETING_VERSION = 1.0;
				PRODUCT_BUNDLE_IDENTIFIER = io.kamaal.GitHubCode;
				PRODUCT_NAME = GitHubCode;
				SDKROOT = iphoneos;
				SWIFT_EMIT_LOC_STRINGS = YES;
				SWIFT_VERSION = 5.0;
				TARGETED_DEVICE_FAMILY = "1,2";
			};
			name = Debug;
		};
		2C3A26D12747005500AD27FD /* Release */ = {
			isa = XCBuildConfiguration;
			buildSettings = {
				ASSETCATALOG_COMPILER_APPICON_NAME = AppIcon;
				ASSETCATALOG_COMPILER_GLOBAL_ACCENT_COLOR_NAME = AccentColor;
				CODE_SIGN_ENTITLEMENTS = Targets/iOS/GitHubCode.entitlements;
				CODE_SIGN_STYLE = Automatic;
				CURRENT_PROJECT_VERSION = 1;
				DEVELOPMENT_ASSET_PATHS = "\"Shared/Preview Content\"";
				DEVELOPMENT_TEAM = DXUKH9VF73;
				ENABLE_PREVIEWS = YES;
				GENERATE_INFOPLIST_FILE = YES;
				INFOPLIST_KEY_UIApplicationSceneManifest_Generation = YES;
				INFOPLIST_KEY_UIApplicationSupportsIndirectInputEvents = YES;
				INFOPLIST_KEY_UILaunchScreen_Generation = YES;
				INFOPLIST_KEY_UISupportedInterfaceOrientations_iPad = "UIInterfaceOrientationPortrait UIInterfaceOrientationPortraitUpsideDown UIInterfaceOrientationLandscapeLeft UIInterfaceOrientationLandscapeRight";
				INFOPLIST_KEY_UISupportedInterfaceOrientations_iPhone = "UIInterfaceOrientationPortrait UIInterfaceOrientationLandscapeLeft UIInterfaceOrientationLandscapeRight";
				IPHONEOS_DEPLOYMENT_TARGET = 15.0;
				LD_RUNPATH_SEARCH_PATHS = (
					"$(inherited)",
					"@executable_path/Frameworks",
				);
				MARKETING_VERSION = 1.0;
				PRODUCT_BUNDLE_IDENTIFIER = io.kamaal.GitHubCode;
				PRODUCT_NAME = GitHubCode;
				SDKROOT = iphoneos;
				SWIFT_EMIT_LOC_STRINGS = YES;
				SWIFT_VERSION = 5.0;
				TARGETED_DEVICE_FAMILY = "1,2";
				VALIDATE_PRODUCT = YES;
			};
			name = Release;
		};
		60AB1080274591C600BC06F1 /* Debug */ = {
			isa = XCBuildConfiguration;
			buildSettings = {
				ALWAYS_SEARCH_USER_PATHS = NO;
				CLANG_ANALYZER_NONNULL = YES;
				CLANG_ANALYZER_NUMBER_OBJECT_CONVERSION = YES_AGGRESSIVE;
				CLANG_CXX_LANGUAGE_STANDARD = "gnu++17";
				CLANG_CXX_LIBRARY = "libc++";
				CLANG_ENABLE_MODULES = YES;
				CLANG_ENABLE_OBJC_ARC = YES;
				CLANG_ENABLE_OBJC_WEAK = YES;
				CLANG_WARN_BLOCK_CAPTURE_AUTORELEASING = YES;
				CLANG_WARN_BOOL_CONVERSION = YES;
				CLANG_WARN_COMMA = YES;
				CLANG_WARN_CONSTANT_CONVERSION = YES;
				CLANG_WARN_DEPRECATED_OBJC_IMPLEMENTATIONS = YES;
				CLANG_WARN_DIRECT_OBJC_ISA_USAGE = YES_ERROR;
				CLANG_WARN_DOCUMENTATION_COMMENTS = YES;
				CLANG_WARN_EMPTY_BODY = YES;
				CLANG_WARN_ENUM_CONVERSION = YES;
				CLANG_WARN_INFINITE_RECURSION = YES;
				CLANG_WARN_INT_CONVERSION = YES;
				CLANG_WARN_NON_LITERAL_NULL_CONVERSION = YES;
				CLANG_WARN_OBJC_IMPLICIT_RETAIN_SELF = YES;
				CLANG_WARN_OBJC_LITERAL_CONVERSION = YES;
				CLANG_WARN_OBJC_ROOT_CLASS = YES_ERROR;
				CLANG_WARN_QUOTED_INCLUDE_IN_FRAMEWORK_HEADER = YES;
				CLANG_WARN_RANGE_LOOP_ANALYSIS = YES;
				CLANG_WARN_STRICT_PROTOTYPES = YES;
				CLANG_WARN_SUSPICIOUS_MOVE = YES;
				CLANG_WARN_UNGUARDED_AVAILABILITY = YES_AGGRESSIVE;
				CLANG_WARN_UNREACHABLE_CODE = YES;
				CLANG_WARN__DUPLICATE_METHOD_MATCH = YES;
				COPY_PHASE_STRIP = NO;
				DEBUG_INFORMATION_FORMAT = dwarf;
				ENABLE_STRICT_OBJC_MSGSEND = YES;
				ENABLE_TESTABILITY = YES;
				GCC_C_LANGUAGE_STANDARD = gnu11;
				GCC_DYNAMIC_NO_PIC = NO;
				GCC_NO_COMMON_BLOCKS = YES;
				GCC_OPTIMIZATION_LEVEL = 0;
				GCC_PREPROCESSOR_DEFINITIONS = (
					"DEBUG=1",
					"$(inherited)",
				);
				GCC_WARN_64_TO_32_BIT_CONVERSION = YES;
				GCC_WARN_ABOUT_RETURN_TYPE = YES_ERROR;
				GCC_WARN_UNDECLARED_SELECTOR = YES;
				GCC_WARN_UNINITIALIZED_AUTOS = YES_AGGRESSIVE;
				GCC_WARN_UNUSED_FUNCTION = YES;
				GCC_WARN_UNUSED_VARIABLE = YES;
				MACOSX_DEPLOYMENT_TARGET = 12.0;
				MTL_ENABLE_DEBUG_INFO = INCLUDE_SOURCE;
				MTL_FAST_MATH = YES;
				ONLY_ACTIVE_ARCH = YES;
				SDKROOT = macosx;
				SWIFT_ACTIVE_COMPILATION_CONDITIONS = DEBUG;
				SWIFT_OPTIMIZATION_LEVEL = "-Onone";
			};
			name = Debug;
		};
		60AB1081274591C600BC06F1 /* Release */ = {
			isa = XCBuildConfiguration;
			buildSettings = {
				ALWAYS_SEARCH_USER_PATHS = NO;
				CLANG_ANALYZER_NONNULL = YES;
				CLANG_ANALYZER_NUMBER_OBJECT_CONVERSION = YES_AGGRESSIVE;
				CLANG_CXX_LANGUAGE_STANDARD = "gnu++17";
				CLANG_CXX_LIBRARY = "libc++";
				CLANG_ENABLE_MODULES = YES;
				CLANG_ENABLE_OBJC_ARC = YES;
				CLANG_ENABLE_OBJC_WEAK = YES;
				CLANG_WARN_BLOCK_CAPTURE_AUTORELEASING = YES;
				CLANG_WARN_BOOL_CONVERSION = YES;
				CLANG_WARN_COMMA = YES;
				CLANG_WARN_CONSTANT_CONVERSION = YES;
				CLANG_WARN_DEPRECATED_OBJC_IMPLEMENTATIONS = YES;
				CLANG_WARN_DIRECT_OBJC_ISA_USAGE = YES_ERROR;
				CLANG_WARN_DOCUMENTATION_COMMENTS = YES;
				CLANG_WARN_EMPTY_BODY = YES;
				CLANG_WARN_ENUM_CONVERSION = YES;
				CLANG_WARN_INFINITE_RECURSION = YES;
				CLANG_WARN_INT_CONVERSION = YES;
				CLANG_WARN_NON_LITERAL_NULL_CONVERSION = YES;
				CLANG_WARN_OBJC_IMPLICIT_RETAIN_SELF = YES;
				CLANG_WARN_OBJC_LITERAL_CONVERSION = YES;
				CLANG_WARN_OBJC_ROOT_CLASS = YES_ERROR;
				CLANG_WARN_QUOTED_INCLUDE_IN_FRAMEWORK_HEADER = YES;
				CLANG_WARN_RANGE_LOOP_ANALYSIS = YES;
				CLANG_WARN_STRICT_PROTOTYPES = YES;
				CLANG_WARN_SUSPICIOUS_MOVE = YES;
				CLANG_WARN_UNGUARDED_AVAILABILITY = YES_AGGRESSIVE;
				CLANG_WARN_UNREACHABLE_CODE = YES;
				CLANG_WARN__DUPLICATE_METHOD_MATCH = YES;
				COPY_PHASE_STRIP = NO;
				DEBUG_INFORMATION_FORMAT = "dwarf-with-dsym";
				ENABLE_NS_ASSERTIONS = NO;
				ENABLE_STRICT_OBJC_MSGSEND = YES;
				GCC_C_LANGUAGE_STANDARD = gnu11;
				GCC_NO_COMMON_BLOCKS = YES;
				GCC_WARN_64_TO_32_BIT_CONVERSION = YES;
				GCC_WARN_ABOUT_RETURN_TYPE = YES_ERROR;
				GCC_WARN_UNDECLARED_SELECTOR = YES;
				GCC_WARN_UNINITIALIZED_AUTOS = YES_AGGRESSIVE;
				GCC_WARN_UNUSED_FUNCTION = YES;
				GCC_WARN_UNUSED_VARIABLE = YES;
				MACOSX_DEPLOYMENT_TARGET = 12.0;
				MTL_ENABLE_DEBUG_INFO = NO;
				MTL_FAST_MATH = YES;
				SDKROOT = macosx;
				SWIFT_COMPILATION_MODE = wholemodule;
				SWIFT_OPTIMIZATION_LEVEL = "-O";
			};
			name = Release;
		};
		60AB1083274591C600BC06F1 /* Debug */ = {
			isa = XCBuildConfiguration;
			buildSettings = {
				ALWAYS_EMBED_SWIFT_STANDARD_LIBRARIES = YES;
				ASSETCATALOG_COMPILER_APPICON_NAME = AppIcon;
				ASSETCATALOG_COMPILER_GLOBAL_ACCENT_COLOR_NAME = AccentColor;
				CODE_SIGN_ENTITLEMENTS = Targets/macOS/GitHubCode.entitlements;
				CODE_SIGN_STYLE = Automatic;
				COMBINE_HIDPI_IMAGES = YES;
				CURRENT_PROJECT_VERSION = 1;
				DEVELOPMENT_ASSET_PATHS = "\"Shared/Preview Content\"";
				DEVELOPMENT_TEAM = DXUKH9VF73;
				ENABLE_HARDENED_RUNTIME = YES;
				ENABLE_PREVIEWS = YES;
				GENERATE_INFOPLIST_FILE = YES;
				INFOPLIST_KEY_NSHumanReadableCopyright = "";
				LD_RUNPATH_SEARCH_PATHS = (
					"$(inherited)",
					"@executable_path/../Frameworks",
				);
				MARKETING_VERSION = 1.0;
				PRODUCT_BUNDLE_IDENTIFIER = io.kamaal.GitHubCode;
				PRODUCT_NAME = GitHubCode;
				SWIFT_EMIT_LOC_STRINGS = YES;
				SWIFT_VERSION = 5.0;
			};
			name = Debug;
		};
		60AB1084274591C600BC06F1 /* Release */ = {
			isa = XCBuildConfiguration;
			buildSettings = {
				ALWAYS_EMBED_SWIFT_STANDARD_LIBRARIES = YES;
				ASSETCATALOG_COMPILER_APPICON_NAME = AppIcon;
				ASSETCATALOG_COMPILER_GLOBAL_ACCENT_COLOR_NAME = AccentColor;
				CODE_SIGN_ENTITLEMENTS = Targets/macOS/GitHubCode.entitlements;
				CODE_SIGN_STYLE = Automatic;
				COMBINE_HIDPI_IMAGES = YES;
				CURRENT_PROJECT_VERSION = 1;
				DEVELOPMENT_ASSET_PATHS = "\"Shared/Preview Content\"";
				DEVELOPMENT_TEAM = DXUKH9VF73;
				ENABLE_HARDENED_RUNTIME = YES;
				ENABLE_PREVIEWS = YES;
				GENERATE_INFOPLIST_FILE = YES;
				INFOPLIST_KEY_NSHumanReadableCopyright = "";
				LD_RUNPATH_SEARCH_PATHS = (
					"$(inherited)",
					"@executable_path/../Frameworks",
				);
				MARKETING_VERSION = 1.0;
				PRODUCT_BUNDLE_IDENTIFIER = io.kamaal.GitHubCode;
				PRODUCT_NAME = GitHubCode;
				SWIFT_EMIT_LOC_STRINGS = YES;
				SWIFT_VERSION = 5.0;
			};
			name = Release;
		};
		60AB109D274591E700BC06F1 /* Debug */ = {
			isa = XCBuildConfiguration;
			buildSettings = {
				CODE_SIGN_ENTITLEMENTS = Targets/Safari/macOS/Safari.entitlements;
				CODE_SIGN_STYLE = Automatic;
				CURRENT_PROJECT_VERSION = 1;
				DEVELOPMENT_TEAM = DXUKH9VF73;
				ENABLE_HARDENED_RUNTIME = YES;
				GENERATE_INFOPLIST_FILE = YES;
				INFOPLIST_FILE = Targets/Safari/macOS/Info.plist;
				INFOPLIST_KEY_CFBundleDisplayName = "GitHubCode Safari";
				INFOPLIST_KEY_NSHumanReadableCopyright = "";
				LD_RUNPATH_SEARCH_PATHS = (
					"$(inherited)",
					"@executable_path/../Frameworks",
					"@executable_path/../../../../Frameworks",
				);
				MACOSX_DEPLOYMENT_TARGET = 10.14;
				MARKETING_VERSION = 1.0;
				OTHER_LDFLAGS = (
					"-framework",
					SafariServices,
				);
				PRODUCT_BUNDLE_IDENTIFIER = io.kamaal.GitHubCode.Safari;
				PRODUCT_NAME = "GitHubCode Safari";
				SKIP_INSTALL = YES;
				SWIFT_EMIT_LOC_STRINGS = YES;
				SWIFT_VERSION = 5.0;
			};
			name = Debug;
		};
		60AB109E274591E700BC06F1 /* Release */ = {
			isa = XCBuildConfiguration;
			buildSettings = {
				CODE_SIGN_ENTITLEMENTS = Targets/Safari/macOS/Safari.entitlements;
				CODE_SIGN_STYLE = Automatic;
				CURRENT_PROJECT_VERSION = 1;
				DEVELOPMENT_TEAM = DXUKH9VF73;
				ENABLE_HARDENED_RUNTIME = YES;
				GENERATE_INFOPLIST_FILE = YES;
				INFOPLIST_FILE = Targets/Safari/macOS/Info.plist;
				INFOPLIST_KEY_CFBundleDisplayName = "GitHubCode Safari";
				INFOPLIST_KEY_NSHumanReadableCopyright = "";
				LD_RUNPATH_SEARCH_PATHS = (
					"$(inherited)",
					"@executable_path/../Frameworks",
					"@executable_path/../../../../Frameworks",
				);
				MACOSX_DEPLOYMENT_TARGET = 10.14;
				MARKETING_VERSION = 1.0;
				OTHER_LDFLAGS = (
					"-framework",
					SafariServices,
				);
				PRODUCT_BUNDLE_IDENTIFIER = io.kamaal.GitHubCode.Safari;
				PRODUCT_NAME = "GitHubCode Safari";
				SKIP_INSTALL = YES;
				SWIFT_EMIT_LOC_STRINGS = YES;
				SWIFT_VERSION = 5.0;
			};
			name = Release;
		};
/* End XCBuildConfiguration section */

/* Begin XCConfigurationList section */
		2C3A26CF2747005500AD27FD /* Build configuration list for PBXNativeTarget "GitHubCode (iOS)" */ = {
			isa = XCConfigurationList;
			buildConfigurations = (
				2C3A26D02747005500AD27FD /* Debug */,
				2C3A26D12747005500AD27FD /* Release */,
			);
			defaultConfigurationIsVisible = 0;
			defaultConfigurationName = Release;
		};
		60AB106E274591BE00BC06F1 /* Build configuration list for PBXProject "GitHubCode" */ = {
			isa = XCConfigurationList;
			buildConfigurations = (
				60AB1080274591C600BC06F1 /* Debug */,
				60AB1081274591C600BC06F1 /* Release */,
			);
			defaultConfigurationIsVisible = 0;
			defaultConfigurationName = Release;
		};
		60AB1082274591C600BC06F1 /* Build configuration list for PBXNativeTarget "GitHubCode (macOS)" */ = {
			isa = XCConfigurationList;
			buildConfigurations = (
				60AB1083274591C600BC06F1 /* Debug */,
				60AB1084274591C600BC06F1 /* Release */,
			);
			defaultConfigurationIsVisible = 0;
			defaultConfigurationName = Release;
		};
		60AB109C274591E700BC06F1 /* Build configuration list for PBXNativeTarget "GitHubCode Safari (macOS)" */ = {
			isa = XCConfigurationList;
			buildConfigurations = (
				60AB109D274591E700BC06F1 /* Debug */,
				60AB109E274591E700BC06F1 /* Release */,
			);
			defaultConfigurationIsVisible = 0;
			defaultConfigurationName = Release;
		};
/* End XCConfigurationList section */

/* Begin XCRemoteSwiftPackageReference section */
		2C3A26B02746E86000AD27FD /* XCRemoteSwiftPackageReference "ShrimpExtensions" */ = {
			isa = XCRemoteSwiftPackageReference;
			repositoryURL = "https://github.com/kamaal111/ShrimpExtensions.git";
			requirement = {
				kind = upToNextMajorVersion;
				minimumVersion = 2.0.0;
			};
		};
/* End XCRemoteSwiftPackageReference section */

/* Begin XCSwiftPackageProductDependency section */
		2C3A26B12746E86000AD27FD /* ShrimpExtensions */ = {
			isa = XCSwiftPackageProductDependency;
			package = 2C3A26B02746E86000AD27FD /* XCRemoteSwiftPackageReference "ShrimpExtensions" */;
			productName = ShrimpExtensions;
		};
		2C3A26B42746E87000AD27FD /* ShrimpExtensions */ = {
			isa = XCSwiftPackageProductDependency;
			package = 2C3A26B02746E86000AD27FD /* XCRemoteSwiftPackageReference "ShrimpExtensions" */;
			productName = ShrimpExtensions;
		};
		2C3A26D4274700CA00AD27FD /* ShrimpExtensions */ = {
			isa = XCSwiftPackageProductDependency;
			package = 2C3A26B02746E86000AD27FD /* XCRemoteSwiftPackageReference "ShrimpExtensions" */;
			productName = ShrimpExtensions;
		};
/* End XCSwiftPackageProductDependency section */
	};
	rootObject = 60AB106B274591BE00BC06F1 /* Project object */;
}
