// !$*UTF8*$!
{
	archiveVersion = 1;
	classes = {
	};
	objectVersion = 55;
	objects = {

/* Begin PBXBuildFile section */
		60AB1077274591BE00BC06F1 /* GitHubCodeApp.swift in Sources */ = {isa = PBXBuildFile; fileRef = 60AB1076274591BE00BC06F1 /* GitHubCodeApp.swift */; };
		60AB1079274591BE00BC06F1 /* ContentView.swift in Sources */ = {isa = PBXBuildFile; fileRef = 60AB1078274591BE00BC06F1 /* ContentView.swift */; };
		60AB107B274591C600BC06F1 /* Assets.xcassets in Resources */ = {isa = PBXBuildFile; fileRef = 60AB107A274591C600BC06F1 /* Assets.xcassets */; };
		60AB107E274591C600BC06F1 /* Preview Assets.xcassets in Resources */ = {isa = PBXBuildFile; fileRef = 60AB107D274591C600BC06F1 /* Preview Assets.xcassets */; };
		60AB108C274591E700BC06F1 /* SafariExtensionHandler.swift in Sources */ = {isa = PBXBuildFile; fileRef = 60AB108B274591E700BC06F1 /* SafariExtensionHandler.swift */; };
		60AB108E274591E700BC06F1 /* SafariExtensionViewController.swift in Sources */ = {isa = PBXBuildFile; fileRef = 60AB108D274591E700BC06F1 /* SafariExtensionViewController.swift */; };
		60AB1091274591E700BC06F1 /* script.js in Resources */ = {isa = PBXBuildFile; fileRef = 60AB1090274591E700BC06F1 /* script.js */; };
		60AB1093274591E700BC06F1 /* ToolbarItemIcon.pdf in Resources */ = {isa = PBXBuildFile; fileRef = 60AB1092274591E700BC06F1 /* ToolbarItemIcon.pdf */; };
		60AB1096274591E700BC06F1 /* SafariExtensionViewController.xib in Resources */ = {isa = PBXBuildFile; fileRef = 60AB1094274591E700BC06F1 /* SafariExtensionViewController.xib */; };
		60AB109B274591E700BC06F1 /* GitHubCode Safari.appex in Embed App Extensions */ = {isa = PBXBuildFile; fileRef = 60AB1089274591E700BC06F1 /* GitHubCode Safari.appex */; settings = {ATTRIBUTES = (RemoveHeadersOnCopy, ); }; };
/* End PBXBuildFile section */

/* Begin PBXContainerItemProxy section */
		60AB1099274591E700BC06F1 /* PBXContainerItemProxy */ = {
			isa = PBXContainerItemProxy;
			containerPortal = 60AB106B274591BE00BC06F1 /* Project object */;
			proxyType = 1;
			remoteGlobalIDString = 60AB1088274591E700BC06F1;
			remoteInfo = Safari;
		};
/* End PBXContainerItemProxy section */

/* Begin PBXCopyFilesBuildPhase section */
		60AB109F274591E700BC06F1 /* Embed App Extensions */ = {
			isa = PBXCopyFilesBuildPhase;
			buildActionMask = 2147483647;
			dstPath = "";
			dstSubfolderSpec = 13;
			files = (
				60AB109B274591E700BC06F1 /* GitHubCode Safari.appex in Embed App Extensions */,
			);
			name = "Embed App Extensions";
			runOnlyForDeploymentPostprocessing = 0;
		};
/* End PBXCopyFilesBuildPhase section */

/* Begin PBXFileReference section */
		2CF8E8162746D67200420BFD /* yarn.lock */ = {isa = PBXFileReference; lastKnownFileType = text; path = yarn.lock; sourceTree = "<group>"; };
		6015D12E2746430700782DB9 /* Brewfile */ = {isa = PBXFileReference; lastKnownFileType = text; path = Brewfile; sourceTree = "<group>"; };
		6015D12F2746431300782DB9 /* README.md */ = {isa = PBXFileReference; lastKnownFileType = net.daringfireball.markdown; path = README.md; sourceTree = "<group>"; };
		6015D1302746431300782DB9 /* Brewfile.lock.json */ = {isa = PBXFileReference; lastKnownFileType = text.json; path = Brewfile.lock.json; sourceTree = "<group>"; };
		6015D1312746431300782DB9 /* LICENSE */ = {isa = PBXFileReference; lastKnownFileType = text; path = LICENSE; sourceTree = "<group>"; };
		6015D1322746438D00782DB9 /* package.json */ = {isa = PBXFileReference; lastKnownFileType = text.json; path = package.json; sourceTree = "<group>"; };
		6047BEF42746411F0083B111 /* pre_compile.sh */ = {isa = PBXFileReference; lastKnownFileType = text.script.sh; path = pre_compile.sh; sourceTree = "<group>"; };
		60AB1073274591BE00BC06F1 /* GitHubCode.app */ = {isa = PBXFileReference; explicitFileType = wrapper.application; includeInIndex = 0; path = GitHubCode.app; sourceTree = BUILT_PRODUCTS_DIR; };
		60AB1076274591BE00BC06F1 /* GitHubCodeApp.swift */ = {isa = PBXFileReference; lastKnownFileType = sourcecode.swift; path = GitHubCodeApp.swift; sourceTree = "<group>"; };
		60AB1078274591BE00BC06F1 /* ContentView.swift */ = {isa = PBXFileReference; lastKnownFileType = sourcecode.swift; path = ContentView.swift; sourceTree = "<group>"; };
		60AB107A274591C600BC06F1 /* Assets.xcassets */ = {isa = PBXFileReference; lastKnownFileType = folder.assetcatalog; path = Assets.xcassets; sourceTree = "<group>"; };
		60AB107D274591C600BC06F1 /* Preview Assets.xcassets */ = {isa = PBXFileReference; lastKnownFileType = folder.assetcatalog; path = "Preview Assets.xcassets"; sourceTree = "<group>"; };
		60AB107F274591C600BC06F1 /* GitHubCode.entitlements */ = {isa = PBXFileReference; lastKnownFileType = text.plist.entitlements; path = GitHubCode.entitlements; sourceTree = "<group>"; };
		60AB1089274591E700BC06F1 /* GitHubCode Safari.appex */ = {isa = PBXFileReference; explicitFileType = "wrapper.app-extension"; includeInIndex = 0; path = "GitHubCode Safari.appex"; sourceTree = BUILT_PRODUCTS_DIR; };
		60AB108B274591E700BC06F1 /* SafariExtensionHandler.swift */ = {isa = PBXFileReference; lastKnownFileType = sourcecode.swift; path = SafariExtensionHandler.swift; sourceTree = "<group>"; };
		60AB108D274591E700BC06F1 /* SafariExtensionViewController.swift */ = {isa = PBXFileReference; lastKnownFileType = sourcecode.swift; path = SafariExtensionViewController.swift; sourceTree = "<group>"; };
		60AB1090274591E700BC06F1 /* script.js */ = {isa = PBXFileReference; lastKnownFileType = sourcecode.javascript; path = script.js; sourceTree = "<group>"; };
		60AB1092274591E700BC06F1 /* ToolbarItemIcon.pdf */ = {isa = PBXFileReference; lastKnownFileType = image.pdf; path = ToolbarItemIcon.pdf; sourceTree = "<group>"; };
		60AB1095274591E700BC06F1 /* Base */ = {isa = PBXFileReference; lastKnownFileType = file.xib; name = Base; path = Base.lproj/SafariExtensionViewController.xib; sourceTree = "<group>"; };
		60AB1097274591E700BC06F1 /* Info.plist */ = {isa = PBXFileReference; lastKnownFileType = text.plist.xml; path = Info.plist; sourceTree = "<group>"; };
		60AB1098274591E700BC06F1 /* Safari.entitlements */ = {isa = PBXFileReference; lastKnownFileType = text.plist.entitlements; path = Safari.entitlements; sourceTree = "<group>"; };
/* End PBXFileReference section */

/* Begin PBXFrameworksBuildPhase section */
		60AB1070274591BE00BC06F1 /* Frameworks */ = {
			isa = PBXFrameworksBuildPhase;
			buildActionMask = 2147483647;
			files = (
			);
			runOnlyForDeploymentPostprocessing = 0;
		};
		60AB1086274591E700BC06F1 /* Frameworks */ = {
			isa = PBXFrameworksBuildPhase;
			buildActionMask = 2147483647;
			files = (
			);
			runOnlyForDeploymentPostprocessing = 0;
		};
/* End PBXFrameworksBuildPhase section */

/* Begin PBXGroup section */
		6047BEE827463EF00083B111 /* Targets */ = {
			isa = PBXGroup;
			children = (
				6047BEE927463F020083B111 /* macOS */,
				60AB108A274591E700BC06F1 /* Safari */,
			);
			path = Targets;
			sourceTree = "<group>";
		};
		6047BEE927463F020083B111 /* macOS */ = {
			isa = PBXGroup;
			children = (
				60AB107F274591C600BC06F1 /* GitHubCode.entitlements */,
			);
			path = macOS;
			sourceTree = "<group>";
		};
		6047BEEA27463F190083B111 /* macOS */ = {
			isa = PBXGroup;
			children = (
				60AB1098274591E700BC06F1 /* Safari.entitlements */,
				60AB1097274591E700BC06F1 /* Info.plist */,
			);
			path = macOS;
			sourceTree = "<group>";
		};
		6047BEF32746411F0083B111 /* Scripts */ = {
			isa = PBXGroup;
			children = (
				6047BEF42746411F0083B111 /* pre_compile.sh */,
			);
			path = Scripts;
			sourceTree = "<group>";
		};
		60AB106A274591BE00BC06F1 = {
			isa = PBXGroup;
			children = (
				6015D12E2746430700782DB9 /* Brewfile */,
				6015D1312746431300782DB9 /* LICENSE */,
				6015D1302746431300782DB9 /* Brewfile.lock.json */,
				6015D1322746438D00782DB9 /* package.json */,
				2CF8E8162746D67200420BFD /* yarn.lock */,
				6015D12F2746431300782DB9 /* README.md */,
				60AB1075274591BE00BC06F1 /* GitHubCode */,
				60AB1074274591BE00BC06F1 /* Products */,
				6047BEF32746411F0083B111 /* Scripts */,
				6047BEE827463EF00083B111 /* Targets */,
			);
			sourceTree = "<group>";
		};
		60AB1074274591BE00BC06F1 /* Products */ = {
			isa = PBXGroup;
			children = (
				60AB1073274591BE00BC06F1 /* GitHubCode.app */,
				60AB1089274591E700BC06F1 /* GitHubCode Safari.appex */,
			);
			name = Products;
			sourceTree = "<group>";
		};
		60AB1075274591BE00BC06F1 /* GitHubCode */ = {
			isa = PBXGroup;
			children = (
				60AB1078274591BE00BC06F1 /* ContentView.swift */,
				60AB1076274591BE00BC06F1 /* GitHubCodeApp.swift */,
				60AB107A274591C600BC06F1 /* Assets.xcassets */,
				60AB107C274591C600BC06F1 /* Preview Content */,
			);
			path = GitHubCode;
			sourceTree = "<group>";
		};
		60AB107C274591C600BC06F1 /* Preview Content */ = {
			isa = PBXGroup;
			children = (
				60AB107D274591C600BC06F1 /* Preview Assets.xcassets */,
			);
			path = "Preview Content";
			sourceTree = "<group>";
		};
		60AB108A274591E700BC06F1 /* Safari */ = {
			isa = PBXGroup;
			children = (
				60AB108B274591E700BC06F1 /* SafariExtensionHandler.swift */,
				60AB108D274591E700BC06F1 /* SafariExtensionViewController.swift */,
				6047BEEA27463F190083B111 /* macOS */,
				60AB108F274591E700BC06F1 /* Resources */,
				60AB1094274591E700BC06F1 /* SafariExtensionViewController.xib */,
			);
			path = Safari;
			sourceTree = "<group>";
		};
		60AB108F274591E700BC06F1 /* Resources */ = {
			isa = PBXGroup;
			children = (
				60AB1090274591E700BC06F1 /* script.js */,
				60AB1092274591E700BC06F1 /* ToolbarItemIcon.pdf */,
			);
			path = Resources;
			sourceTree = "<group>";
		};
/* End PBXGroup section */

/* Begin PBXNativeTarget section */
		60AB1072274591BE00BC06F1 /* GitHubCode (macOS) */ = {
			isa = PBXNativeTarget;
			buildConfigurationList = 60AB1082274591C600BC06F1 /* Build configuration list for PBXNativeTarget "GitHubCode (macOS)" */;
			buildPhases = (
				6047BEF52746412A0083B111 /* ShellScript */,
				60AB106F274591BE00BC06F1 /* Sources */,
				60AB1070274591BE00BC06F1 /* Frameworks */,
				60AB1071274591BE00BC06F1 /* Resources */,
				60AB109F274591E700BC06F1 /* Embed App Extensions */,
			);
			buildRules = (
			);
			dependencies = (
				60AB109A274591E700BC06F1 /* PBXTargetDependency */,
			);
			name = "GitHubCode (macOS)";
			productName = GitHubCode;
			productReference = 60AB1073274591BE00BC06F1 /* GitHubCode.app */;
			productType = "com.apple.product-type.application";
		};
		60AB1088274591E700BC06F1 /* GitHubCode Safari (macOS) */ = {
			isa = PBXNativeTarget;
			buildConfigurationList = 60AB109C274591E700BC06F1 /* Build configuration list for PBXNativeTarget "GitHubCode Safari (macOS)" */;
			buildPhases = (
				60AB1085274591E700BC06F1 /* Sources */,
				60AB1086274591E700BC06F1 /* Frameworks */,
				60AB1087274591E700BC06F1 /* Resources */,
			);
			buildRules = (
			);
			dependencies = (
			);
			name = "GitHubCode Safari (macOS)";
			productName = Safari;
			productReference = 60AB1089274591E700BC06F1 /* GitHubCode Safari.appex */;
			productType = "com.apple.product-type.app-extension";
		};
/* End PBXNativeTarget section */

/* Begin PBXProject section */
		60AB106B274591BE00BC06F1 /* Project object */ = {
			isa = PBXProject;
			attributes = {
				BuildIndependentTargetsInParallel = 1;
				LastSwiftUpdateCheck = 1310;
				LastUpgradeCheck = 1310;
				TargetAttributes = {
					60AB1072274591BE00BC06F1 = {
						CreatedOnToolsVersion = 13.1;
					};
					60AB1088274591E700BC06F1 = {
						CreatedOnToolsVersion = 13.1;
					};
				};
			};
			buildConfigurationList = 60AB106E274591BE00BC06F1 /* Build configuration list for PBXProject "GitHubCode" */;
			compatibilityVersion = "Xcode 13.0";
			developmentRegion = en;
			hasScannedForEncodings = 0;
			knownRegions = (
				en,
				Base,
			);
			mainGroup = 60AB106A274591BE00BC06F1;
			productRefGroup = 60AB1074274591BE00BC06F1 /* Products */;
			projectDirPath = "";
			projectRoot = "";
			targets = (
				60AB1072274591BE00BC06F1 /* GitHubCode (macOS) */,
				60AB1088274591E700BC06F1 /* GitHubCode Safari (macOS) */,
			);
		};
/* End PBXProject section */

/* Begin PBXResourcesBuildPhase section */
		60AB1071274591BE00BC06F1 /* Resources */ = {
			isa = PBXResourcesBuildPhase;
			buildActionMask = 2147483647;
			files = (
				60AB107E274591C600BC06F1 /* Preview Assets.xcassets in Resources */,
				60AB107B274591C600BC06F1 /* Assets.xcassets in Resources */,
			);
			runOnlyForDeploymentPostprocessing = 0;
		};
		60AB1087274591E700BC06F1 /* Resources */ = {
			isa = PBXResourcesBuildPhase;
			buildActionMask = 2147483647;
			files = (
				60AB1096274591E700BC06F1 /* SafariExtensionViewController.xib in Resources */,
				60AB1093274591E700BC06F1 /* ToolbarItemIcon.pdf in Resources */,
				60AB1091274591E700BC06F1 /* script.js in Resources */,
			);
			runOnlyForDeploymentPostprocessing = 0;
		};
/* End PBXResourcesBuildPhase section */

/* Begin PBXShellScriptBuildPhase section */
		6047BEF52746412A0083B111 /* ShellScript */ = {
			isa = PBXShellScriptBuildPhase;
			buildActionMask = 2147483647;
			files = (
			);
			inputFileListPaths = (
			);
			inputPaths = (
			);
			outputFileListPaths = (
			);
			outputPaths = (
			);
			runOnlyForDeploymentPostprocessing = 0;
			shellPath = /bin/sh;
			shellScript = "\nsh Scripts/pre_compile.sh\n";
		};
/* End PBXShellScriptBuildPhase section */

/* Begin PBXSourcesBuildPhase section */
		60AB106F274591BE00BC06F1 /* Sources */ = {
			isa = PBXSourcesBuildPhase;
			buildActionMask = 2147483647;
			files = (
				60AB1079274591BE00BC06F1 /* ContentView.swift in Sources */,
				60AB1077274591BE00BC06F1 /* GitHubCodeApp.swift in Sources */,
			);
			runOnlyForDeploymentPostprocessing = 0;
		};
		60AB1085274591E700BC06F1 /* Sources */ = {
			isa = PBXSourcesBuildPhase;
			buildActionMask = 2147483647;
			files = (
				60AB108E274591E700BC06F1 /* SafariExtensionViewController.swift in Sources */,
				60AB108C274591E700BC06F1 /* SafariExtensionHandler.swift in Sources */,
			);
			runOnlyForDeploymentPostprocessing = 0;
		};
/* End PBXSourcesBuildPhase section */

/* Begin PBXTargetDependency section */
		60AB109A274591E700BC06F1 /* PBXTargetDependency */ = {
			isa = PBXTargetDependency;
			target = 60AB1088274591E700BC06F1 /* GitHubCode Safari (macOS) */;
			targetProxy = 60AB1099274591E700BC06F1 /* PBXContainerItemProxy */;
		};
/* End PBXTargetDependency section */

/* Begin PBXVariantGroup section */
		60AB1094274591E700BC06F1 /* SafariExtensionViewController.xib */ = {
			isa = PBXVariantGroup;
			children = (
				60AB1095274591E700BC06F1 /* Base */,
			);
			name = SafariExtensionViewController.xib;
			sourceTree = "<group>";
		};
/* End PBXVariantGroup section */

/* Begin XCBuildConfiguration section */
		60AB1080274591C600BC06F1 /* Debug */ = {
			isa = XCBuildConfiguration;
			buildSettings = {
				ALWAYS_SEARCH_USER_PATHS = NO;
				CLANG_ANALYZER_NONNULL = YES;
				CLANG_ANALYZER_NUMBER_OBJECT_CONVERSION = YES_AGGRESSIVE;
				CLANG_CXX_LANGUAGE_STANDARD = "gnu++17";
				CLANG_CXX_LIBRARY = "libc++";
				CLANG_ENABLE_MODULES = YES;
				CLANG_ENABLE_OBJC_ARC = YES;
				CLANG_ENABLE_OBJC_WEAK = YES;
				CLANG_WARN_BLOCK_CAPTURE_AUTORELEASING = YES;
				CLANG_WARN_BOOL_CONVERSION = YES;
				CLANG_WARN_COMMA = YES;
				CLANG_WARN_CONSTANT_CONVERSION = YES;
				CLANG_WARN_DEPRECATED_OBJC_IMPLEMENTATIONS = YES;
				CLANG_WARN_DIRECT_OBJC_ISA_USAGE = YES_ERROR;
				CLANG_WARN_DOCUMENTATION_COMMENTS = YES;
				CLANG_WARN_EMPTY_BODY = YES;
				CLANG_WARN_ENUM_CONVERSION = YES;
				CLANG_WARN_INFINITE_RECURSION = YES;
				CLANG_WARN_INT_CONVERSION = YES;
				CLANG_WARN_NON_LITERAL_NULL_CONVERSION = YES;
				CLANG_WARN_OBJC_IMPLICIT_RETAIN_SELF = YES;
				CLANG_WARN_OBJC_LITERAL_CONVERSION = YES;
				CLANG_WARN_OBJC_ROOT_CLASS = YES_ERROR;
				CLANG_WARN_QUOTED_INCLUDE_IN_FRAMEWORK_HEADER = YES;
				CLANG_WARN_RANGE_LOOP_ANALYSIS = YES;
				CLANG_WARN_STRICT_PROTOTYPES = YES;
				CLANG_WARN_SUSPICIOUS_MOVE = YES;
				CLANG_WARN_UNGUARDED_AVAILABILITY = YES_AGGRESSIVE;
				CLANG_WARN_UNREACHABLE_CODE = YES;
				CLANG_WARN__DUPLICATE_METHOD_MATCH = YES;
				COPY_PHASE_STRIP = NO;
				DEBUG_INFORMATION_FORMAT = dwarf;
				ENABLE_STRICT_OBJC_MSGSEND = YES;
				ENABLE_TESTABILITY = YES;
				GCC_C_LANGUAGE_STANDARD = gnu11;
				GCC_DYNAMIC_NO_PIC = NO;
				GCC_NO_COMMON_BLOCKS = YES;
				GCC_OPTIMIZATION_LEVEL = 0;
				GCC_PREPROCESSOR_DEFINITIONS = (
					"DEBUG=1",
					"$(inherited)",
				);
				GCC_WARN_64_TO_32_BIT_CONVERSION = YES;
				GCC_WARN_ABOUT_RETURN_TYPE = YES_ERROR;
				GCC_WARN_UNDECLARED_SELECTOR = YES;
				GCC_WARN_UNINITIALIZED_AUTOS = YES_AGGRESSIVE;
				GCC_WARN_UNUSED_FUNCTION = YES;
				GCC_WARN_UNUSED_VARIABLE = YES;
				MACOSX_DEPLOYMENT_TARGET = 12.0;
				MTL_ENABLE_DEBUG_INFO = INCLUDE_SOURCE;
				MTL_FAST_MATH = YES;
				ONLY_ACTIVE_ARCH = YES;
				SDKROOT = macosx;
				SWIFT_ACTIVE_COMPILATION_CONDITIONS = DEBUG;
				SWIFT_OPTIMIZATION_LEVEL = "-Onone";
			};
			name = Debug;
		};
		60AB1081274591C600BC06F1 /* Release */ = {
			isa = XCBuildConfiguration;
			buildSettings = {
				ALWAYS_SEARCH_USER_PATHS = NO;
				CLANG_ANALYZER_NONNULL = YES;
				CLANG_ANALYZER_NUMBER_OBJECT_CONVERSION = YES_AGGRESSIVE;
				CLANG_CXX_LANGUAGE_STANDARD = "gnu++17";
				CLANG_CXX_LIBRARY = "libc++";
				CLANG_ENABLE_MODULES = YES;
				CLANG_ENABLE_OBJC_ARC = YES;
				CLANG_ENABLE_OBJC_WEAK = YES;
				CLANG_WARN_BLOCK_CAPTURE_AUTORELEASING = YES;
				CLANG_WARN_BOOL_CONVERSION = YES;
				CLANG_WARN_COMMA = YES;
				CLANG_WARN_CONSTANT_CONVERSION = YES;
				CLANG_WARN_DEPRECATED_OBJC_IMPLEMENTATIONS = YES;
				CLANG_WARN_DIRECT_OBJC_ISA_USAGE = YES_ERROR;
				CLANG_WARN_DOCUMENTATION_COMMENTS = YES;
				CLANG_WARN_EMPTY_BODY = YES;
				CLANG_WARN_ENUM_CONVERSION = YES;
				CLANG_WARN_INFINITE_RECURSION = YES;
				CLANG_WARN_INT_CONVERSION = YES;
				CLANG_WARN_NON_LITERAL_NULL_CONVERSION = YES;
				CLANG_WARN_OBJC_IMPLICIT_RETAIN_SELF = YES;
				CLANG_WARN_OBJC_LITERAL_CONVERSION = YES;
				CLANG_WARN_OBJC_ROOT_CLASS = YES_ERROR;
				CLANG_WARN_QUOTED_INCLUDE_IN_FRAMEWORK_HEADER = YES;
				CLANG_WARN_RANGE_LOOP_ANALYSIS = YES;
				CLANG_WARN_STRICT_PROTOTYPES = YES;
				CLANG_WARN_SUSPICIOUS_MOVE = YES;
				CLANG_WARN_UNGUARDED_AVAILABILITY = YES_AGGRESSIVE;
				CLANG_WARN_UNREACHABLE_CODE = YES;
				CLANG_WARN__DUPLICATE_METHOD_MATCH = YES;
				COPY_PHASE_STRIP = NO;
				DEBUG_INFORMATION_FORMAT = "dwarf-with-dsym";
				ENABLE_NS_ASSERTIONS = NO;
				ENABLE_STRICT_OBJC_MSGSEND = YES;
				GCC_C_LANGUAGE_STANDARD = gnu11;
				GCC_NO_COMMON_BLOCKS = YES;
				GCC_WARN_64_TO_32_BIT_CONVERSION = YES;
				GCC_WARN_ABOUT_RETURN_TYPE = YES_ERROR;
				GCC_WARN_UNDECLARED_SELECTOR = YES;
				GCC_WARN_UNINITIALIZED_AUTOS = YES_AGGRESSIVE;
				GCC_WARN_UNUSED_FUNCTION = YES;
				GCC_WARN_UNUSED_VARIABLE = YES;
				MACOSX_DEPLOYMENT_TARGET = 12.0;
				MTL_ENABLE_DEBUG_INFO = NO;
				MTL_FAST_MATH = YES;
				SDKROOT = macosx;
				SWIFT_COMPILATION_MODE = wholemodule;
				SWIFT_OPTIMIZATION_LEVEL = "-O";
			};
			name = Release;
		};
		60AB1083274591C600BC06F1 /* Debug */ = {
			isa = XCBuildConfiguration;
			buildSettings = {
				ALWAYS_EMBED_SWIFT_STANDARD_LIBRARIES = YES;
				ASSETCATALOG_COMPILER_APPICON_NAME = AppIcon;
				ASSETCATALOG_COMPILER_GLOBAL_ACCENT_COLOR_NAME = AccentColor;
				CODE_SIGN_ENTITLEMENTS = Targets/macOS/GitHubCode.entitlements;
				CODE_SIGN_STYLE = Automatic;
				COMBINE_HIDPI_IMAGES = YES;
				CURRENT_PROJECT_VERSION = 1;
				DEVELOPMENT_ASSET_PATHS = "\"GitHubCode/Preview Content\"";
				DEVELOPMENT_TEAM = DXUKH9VF73;
				ENABLE_HARDENED_RUNTIME = YES;
				ENABLE_PREVIEWS = YES;
				GENERATE_INFOPLIST_FILE = YES;
				INFOPLIST_KEY_NSHumanReadableCopyright = "";
				LD_RUNPATH_SEARCH_PATHS = (
					"$(inherited)",
					"@executable_path/../Frameworks",
				);
				MARKETING_VERSION = 1.0;
				PRODUCT_BUNDLE_IDENTIFIER = io.kamaal.GitHubCode;
				PRODUCT_NAME = GitHubCode;
				SWIFT_EMIT_LOC_STRINGS = YES;
				SWIFT_VERSION = 5.0;
			};
			name = Debug;
		};
		60AB1084274591C600BC06F1 /* Release */ = {
			isa = XCBuildConfiguration;
			buildSettings = {
				ALWAYS_EMBED_SWIFT_STANDARD_LIBRARIES = YES;
				ASSETCATALOG_COMPILER_APPICON_NAME = AppIcon;
				ASSETCATALOG_COMPILER_GLOBAL_ACCENT_COLOR_NAME = AccentColor;
				CODE_SIGN_ENTITLEMENTS = Targets/macOS/GitHubCode.entitlements;
				CODE_SIGN_STYLE = Automatic;
				COMBINE_HIDPI_IMAGES = YES;
				CURRENT_PROJECT_VERSION = 1;
				DEVELOPMENT_ASSET_PATHS = "\"GitHubCode/Preview Content\"";
				DEVELOPMENT_TEAM = DXUKH9VF73;
				ENABLE_HARDENED_RUNTIME = YES;
				ENABLE_PREVIEWS = YES;
				GENERATE_INFOPLIST_FILE = YES;
				INFOPLIST_KEY_NSHumanReadableCopyright = "";
				LD_RUNPATH_SEARCH_PATHS = (
					"$(inherited)",
					"@executable_path/../Frameworks",
				);
				MARKETING_VERSION = 1.0;
				PRODUCT_BUNDLE_IDENTIFIER = io.kamaal.GitHubCode;
				PRODUCT_NAME = GitHubCode;
				SWIFT_EMIT_LOC_STRINGS = YES;
				SWIFT_VERSION = 5.0;
			};
			name = Release;
		};
		60AB109D274591E700BC06F1 /* Debug */ = {
			isa = XCBuildConfiguration;
			buildSettings = {
				CODE_SIGN_ENTITLEMENTS = Targets/Safari/macOS/Safari.entitlements;
				CODE_SIGN_STYLE = Automatic;
				CURRENT_PROJECT_VERSION = 1;
				DEVELOPMENT_TEAM = DXUKH9VF73;
				ENABLE_HARDENED_RUNTIME = YES;
				GENERATE_INFOPLIST_FILE = YES;
				INFOPLIST_FILE = Targets/Safari/macOS/Info.plist;
				INFOPLIST_KEY_CFBundleDisplayName = "GitHubCode Safari";
				INFOPLIST_KEY_NSHumanReadableCopyright = "";
				LD_RUNPATH_SEARCH_PATHS = (
					"$(inherited)",
					"@executable_path/../Frameworks",
					"@executable_path/../../../../Frameworks",
				);
				MACOSX_DEPLOYMENT_TARGET = 10.14;
				MARKETING_VERSION = 1.0;
				OTHER_LDFLAGS = (
					"-framework",
					SafariServices,
				);
				PRODUCT_BUNDLE_IDENTIFIER = io.kamaal.GitHubCode.Safari;
				PRODUCT_NAME = "GitHubCode Safari";
				SKIP_INSTALL = YES;
				SWIFT_EMIT_LOC_STRINGS = YES;
				SWIFT_VERSION = 5.0;
			};
			name = Debug;
		};
		60AB109E274591E700BC06F1 /* Release */ = {
			isa = XCBuildConfiguration;
			buildSettings = {
				CODE_SIGN_ENTITLEMENTS = Targets/Safari/macOS/Safari.entitlements;
				CODE_SIGN_STYLE = Automatic;
				CURRENT_PROJECT_VERSION = 1;
				DEVELOPMENT_TEAM = DXUKH9VF73;
				ENABLE_HARDENED_RUNTIME = YES;
				GENERATE_INFOPLIST_FILE = YES;
				INFOPLIST_FILE = Targets/Safari/macOS/Info.plist;
				INFOPLIST_KEY_CFBundleDisplayName = "GitHubCode Safari";
				INFOPLIST_KEY_NSHumanReadableCopyright = "";
				LD_RUNPATH_SEARCH_PATHS = (
					"$(inherited)",
					"@executable_path/../Frameworks",
					"@executable_path/../../../../Frameworks",
				);
				MACOSX_DEPLOYMENT_TARGET = 10.14;
				MARKETING_VERSION = 1.0;
				OTHER_LDFLAGS = (
					"-framework",
					SafariServices,
				);
				PRODUCT_BUNDLE_IDENTIFIER = io.kamaal.GitHubCode.Safari;
				PRODUCT_NAME = "GitHubCode Safari";
				SKIP_INSTALL = YES;
				SWIFT_EMIT_LOC_STRINGS = YES;
				SWIFT_VERSION = 5.0;
			};
			name = Release;
		};
/* End XCBuildConfiguration section */

/* Begin XCConfigurationList section */
		60AB106E274591BE00BC06F1 /* Build configuration list for PBXProject "GitHubCode" */ = {
			isa = XCConfigurationList;
			buildConfigurations = (
				60AB1080274591C600BC06F1 /* Debug */,
				60AB1081274591C600BC06F1 /* Release */,
			);
			defaultConfigurationIsVisible = 0;
			defaultConfigurationName = Release;
		};
		60AB1082274591C600BC06F1 /* Build configuration list for PBXNativeTarget "GitHubCode (macOS)" */ = {
			isa = XCConfigurationList;
			buildConfigurations = (
				60AB1083274591C600BC06F1 /* Debug */,
				60AB1084274591C600BC06F1 /* Release */,
			);
			defaultConfigurationIsVisible = 0;
			defaultConfigurationName = Release;
		};
		60AB109C274591E700BC06F1 /* Build configuration list for PBXNativeTarget "GitHubCode Safari (macOS)" */ = {
			isa = XCConfigurationList;
			buildConfigurations = (
				60AB109D274591E700BC06F1 /* Debug */,
				60AB109E274591E700BC06F1 /* Release */,
			);
			defaultConfigurationIsVisible = 0;
			defaultConfigurationName = Release;
		};
/* End XCConfigurationList section */
	};
	rootObject = 60AB106B274591BE00BC06F1 /* Project object */;
}
